
Microsoft Visual Studio Solution File, Format Version 12.00
# Visual Studio 15
VisualStudioVersion = 15.0.27703.2042
MinimumVisualStudioVersion = 10.0.40219.1
Project("{F2A71F9B-5D33-465A-A702-920D77279786}") = "FsharpTicTacToe", "FsharpTicTacToe\FsharpTicTacToe.fsproj", "{8697ADC0-31FB-4174-9071-9E4DAC23FD29}"
EndProject
Project("{F2A71F9B-5D33-465A-A702-920D77279786}") = "TestsFsharpTicTacToe", "TestsFsharpTicTacToe\TestsFsharpTicTacToe.fsproj", "{5CB8185E-8933-4025-B48A-74470F4BB9B0}"
EndProject
Global
	GlobalSection(SolutionConfigurationPlatforms) = preSolution
		Debug|Any CPU = Debug|Any CPU
		Release|Any CPU = Release|Any CPU
	EndGlobalSection
	GlobalSection(ProjectConfigurationPlatforms) = postSolution
		{8697ADC0-31FB-4174-9071-9E4DAC23FD29}.Debug|Any CPU.ActiveCfg = Debug|Any CPU
		{8697ADC0-31FB-4174-9071-9E4DAC23FD29}.Debug|Any CPU.Build.0 = Debug|Any CPU
		{8697ADC0-31FB-4174-9071-9E4DAC23FD29}.Release|Any CPU.ActiveCfg = Release|Any CPU
		{8697ADC0-31FB-4174-9071-9E4DAC23FD29}.Release|Any CPU.Build.0 = Release|Any CPU
		{5CB8185E-8933-4025-B48A-74470F4BB9B0}.Debug|Any CPU.ActiveCfg = Debug|Any CPU
		{5CB8185E-8933-4025-B48A-74470F4BB9B0}.Debug|Any CPU.Build.0 = Debug|Any CPU
		{5CB8185E-8933-4025-B48A-74470F4BB9B0}.Release|Any CPU.ActiveCfg = Release|Any CPU
		{5CB8185E-8933-4025-B48A-74470F4BB9B0}.Release|Any CPU.Build.0 = Release|Any CPU
	EndGlobalSection
	GlobalSection(SolutionProperties) = preSolution
		HideSolutionNode = FALSE
	EndGlobalSection
	GlobalSection(ExtensibilityGlobals) = postSolution
		SolutionGuid = {7EFEE0AA-9D1B-4E14-A49C-69773C366699}
	EndGlobalSection
EndGlobal
